
Microsoft Visual Studio Solution File, Format Version 12.00
# Visual Studio Version 17
VisualStudioVersion = 17.3.32922.545
MinimumVisualStudioVersion = 10.0.40219.1
Project("{FAE04EC0-301F-11D3-BF4B-00C04F79EFBC}") = "Task-7-37", "Task-7-37.csproj", "{C13F01EC-796D-49A6-8CE2-FCC04A06FA92}"
EndProject
Global
	GlobalSection(SolutionConfigurationPlatforms) = preSolution
		Debug|Any CPU = Debug|Any CPU
		Release|Any CPU = Release|Any CPU
	EndGlobalSection
	GlobalSection(ProjectConfigurationPlatforms) = postSolution
		{C13F01EC-796D-49A6-8CE2-FCC04A06FA92}.Debug|Any CPU.ActiveCfg = Debug|Any CPU
		{C13F01EC-796D-49A6-8CE2-FCC04A06FA92}.Debug|Any CPU.Build.0 = Debug|Any CPU
		{C13F01EC-796D-49A6-8CE2-FCC04A06FA92}.Release|Any CPU.ActiveCfg = Release|Any CPU
		{C13F01EC-796D-49A6-8CE2-FCC04A06FA92}.Release|Any CPU.Build.0 = Release|Any CPU
	EndGlobalSection
	GlobalSection(SolutionProperties) = preSolution
		HideSolutionNode = FALSE
	EndGlobalSection
	GlobalSection(ExtensibilityGlobals) = postSolution
		SolutionGuid = {E07CB4CC-7570-4250-888C-9DCA99C1F6CA}
	EndGlobalSection
EndGlobal
