
Microsoft Visual Studio Solution File, Format Version 12.00
# Visual Studio Version 17
VisualStudioVersion = 17.3.32922.545
MinimumVisualStudioVersion = 10.0.40219.1
Project("{FAE04EC0-301F-11D3-BF4B-00C04F79EFBC}") = "task8-2", "task8-2.csproj", "{5CC90E27-6DAD-4BC3-819D-9CC69AA47FA0}"
EndProject
Global
	GlobalSection(SolutionConfigurationPlatforms) = preSolution
		Debug|Any CPU = Debug|Any CPU
		Release|Any CPU = Release|Any CPU
	EndGlobalSection
	GlobalSection(ProjectConfigurationPlatforms) = postSolution
		{5CC90E27-6DAD-4BC3-819D-9CC69AA47FA0}.Debug|Any CPU.ActiveCfg = Debug|Any CPU
		{5CC90E27-6DAD-4BC3-819D-9CC69AA47FA0}.Debug|Any CPU.Build.0 = Debug|Any CPU
		{5CC90E27-6DAD-4BC3-819D-9CC69AA47FA0}.Release|Any CPU.ActiveCfg = Release|Any CPU
		{5CC90E27-6DAD-4BC3-819D-9CC69AA47FA0}.Release|Any CPU.Build.0 = Release|Any CPU
	EndGlobalSection
	GlobalSection(SolutionProperties) = preSolution
		HideSolutionNode = FALSE
	EndGlobalSection
	GlobalSection(ExtensibilityGlobals) = postSolution
		SolutionGuid = {83CEA988-AC37-412E-B169-338A91278ED5}
	EndGlobalSection
EndGlobal
