
Microsoft Visual Studio Solution File, Format Version 12.00
# Visual Studio Version 17
VisualStudioVersion = 17.3.32922.545
MinimumVisualStudioVersion = 10.0.40219.1
Project("{FAE04EC0-301F-11D3-BF4B-00C04F79EFBC}") = "Laba_04", "Laba_04.csproj", "{CFA7F8ED-D193-4AAA-8C24-C905C1E3D268}"
EndProject
Global
	GlobalSection(SolutionConfigurationPlatforms) = preSolution
		Debug|Any CPU = Debug|Any CPU
		Release|Any CPU = Release|Any CPU
	EndGlobalSection
	GlobalSection(ProjectConfigurationPlatforms) = postSolution
		{CFA7F8ED-D193-4AAA-8C24-C905C1E3D268}.Debug|Any CPU.ActiveCfg = Debug|Any CPU
		{CFA7F8ED-D193-4AAA-8C24-C905C1E3D268}.Debug|Any CPU.Build.0 = Debug|Any CPU
		{CFA7F8ED-D193-4AAA-8C24-C905C1E3D268}.Release|Any CPU.ActiveCfg = Release|Any CPU
		{CFA7F8ED-D193-4AAA-8C24-C905C1E3D268}.Release|Any CPU.Build.0 = Release|Any CPU
	EndGlobalSection
	GlobalSection(SolutionProperties) = preSolution
		HideSolutionNode = FALSE
	EndGlobalSection
	GlobalSection(ExtensibilityGlobals) = postSolution
		SolutionGuid = {13543285-CEF8-48D4-B2B1-BDAA7D91D6D0}
	EndGlobalSection
EndGlobal
