
Microsoft Visual Studio Solution File, Format Version 12.00
# Visual Studio Version 17
VisualStudioVersion = 17.3.32922.545
MinimumVisualStudioVersion = 10.0.40219.1
Project("{FAE04EC0-301F-11D3-BF4B-00C04F79EFBC}") = "task8-1", "task8-1.csproj", "{040330E5-8566-4279-AB98-C8B0F18D7FEE}"
EndProject
Global
	GlobalSection(SolutionConfigurationPlatforms) = preSolution
		Debug|Any CPU = Debug|Any CPU
		Release|Any CPU = Release|Any CPU
	EndGlobalSection
	GlobalSection(ProjectConfigurationPlatforms) = postSolution
		{040330E5-8566-4279-AB98-C8B0F18D7FEE}.Debug|Any CPU.ActiveCfg = Debug|Any CPU
		{040330E5-8566-4279-AB98-C8B0F18D7FEE}.Debug|Any CPU.Build.0 = Debug|Any CPU
		{040330E5-8566-4279-AB98-C8B0F18D7FEE}.Release|Any CPU.ActiveCfg = Release|Any CPU
		{040330E5-8566-4279-AB98-C8B0F18D7FEE}.Release|Any CPU.Build.0 = Release|Any CPU
	EndGlobalSection
	GlobalSection(SolutionProperties) = preSolution
		HideSolutionNode = FALSE
	EndGlobalSection
	GlobalSection(ExtensibilityGlobals) = postSolution
		SolutionGuid = {57641434-5FB9-4FC3-8AE4-12CCF620BB05}
	EndGlobalSection
EndGlobal
