
Microsoft Visual Studio Solution File, Format Version 12.00
# Visual Studio Version 17
VisualStudioVersion = 17.3.32922.545
MinimumVisualStudioVersion = 10.0.40219.1
Project("{FAE04EC0-301F-11D3-BF4B-00C04F79EFBC}") = "Laba_14", "Laba_14.csproj", "{19F6830B-4EFD-46B8-8AEF-A1F0EF1ADF2D}"
EndProject
Project("{FAE04EC0-301F-11D3-BF4B-00C04F79EFBC}") = "Laba_15", "..\Laba_15\Laba_15.csproj", "{9ED251DA-D0D3-47B9-BEAF-9861F1CD08C8}"
EndProject
Global
	GlobalSection(SolutionConfigurationPlatforms) = preSolution
		Debug|Any CPU = Debug|Any CPU
		Release|Any CPU = Release|Any CPU
	EndGlobalSection
	GlobalSection(ProjectConfigurationPlatforms) = postSolution
		{19F6830B-4EFD-46B8-8AEF-A1F0EF1ADF2D}.Debug|Any CPU.ActiveCfg = Debug|Any CPU
		{19F6830B-4EFD-46B8-8AEF-A1F0EF1ADF2D}.Debug|Any CPU.Build.0 = Debug|Any CPU
		{19F6830B-4EFD-46B8-8AEF-A1F0EF1ADF2D}.Release|Any CPU.ActiveCfg = Release|Any CPU
		{19F6830B-4EFD-46B8-8AEF-A1F0EF1ADF2D}.Release|Any CPU.Build.0 = Release|Any CPU
		{9ED251DA-D0D3-47B9-BEAF-9861F1CD08C8}.Debug|Any CPU.ActiveCfg = Debug|Any CPU
		{9ED251DA-D0D3-47B9-BEAF-9861F1CD08C8}.Debug|Any CPU.Build.0 = Debug|Any CPU
		{9ED251DA-D0D3-47B9-BEAF-9861F1CD08C8}.Release|Any CPU.ActiveCfg = Release|Any CPU
		{9ED251DA-D0D3-47B9-BEAF-9861F1CD08C8}.Release|Any CPU.Build.0 = Release|Any CPU
	EndGlobalSection
	GlobalSection(SolutionProperties) = preSolution
		HideSolutionNode = FALSE
	EndGlobalSection
	GlobalSection(ExtensibilityGlobals) = postSolution
		SolutionGuid = {8D89D28E-8088-4CB5-958F-F5B75FB33F16}
	EndGlobalSection
EndGlobal
