
Microsoft Visual Studio Solution File, Format Version 12.00
# Visual Studio Version 17
VisualStudioVersion = 17.3.32922.545
MinimumVisualStudioVersion = 10.0.40219.1
Project("{FAE04EC0-301F-11D3-BF4B-00C04F79EFBC}") = "Laba_08", "Laba_08.csproj", "{0CF43110-062E-4A98-B2CA-EA27D828FD55}"
EndProject
Global
	GlobalSection(SolutionConfigurationPlatforms) = preSolution
		Debug|Any CPU = Debug|Any CPU
		Release|Any CPU = Release|Any CPU
	EndGlobalSection
	GlobalSection(ProjectConfigurationPlatforms) = postSolution
		{0CF43110-062E-4A98-B2CA-EA27D828FD55}.Debug|Any CPU.ActiveCfg = Debug|Any CPU
		{0CF43110-062E-4A98-B2CA-EA27D828FD55}.Debug|Any CPU.Build.0 = Debug|Any CPU
		{0CF43110-062E-4A98-B2CA-EA27D828FD55}.Release|Any CPU.ActiveCfg = Release|Any CPU
		{0CF43110-062E-4A98-B2CA-EA27D828FD55}.Release|Any CPU.Build.0 = Release|Any CPU
	EndGlobalSection
	GlobalSection(SolutionProperties) = preSolution
		HideSolutionNode = FALSE
	EndGlobalSection
	GlobalSection(ExtensibilityGlobals) = postSolution
		SolutionGuid = {909F8D34-C280-4283-8D42-C578BAB3B6E2}
	EndGlobalSection
EndGlobal
